
Microsoft Visual Studio Solution File, Format Version 12.00
# Visual Studio 15
VisualStudioVersion = 15.0.25920.0
MinimumVisualStudioVersion = 10.0.40219.1
Project("{FAE04EC0-301F-11D3-BF4B-00C04F79EFBC}") = "Triangle", "Triagle\Triangle.csproj", "{11EA043D-8610-46C3-9317-E89C10F86CCC}"
EndProject
Project("{FAE04EC0-301F-11D3-BF4B-00C04F79EFBC}") = "Triangle.Test", "Triangle.Test\Triangle.Test.csproj", "{94C71094-589C-416D-9A5A-17CB2DF37F4B}"
EndProject
Global
	GlobalSection(SolutionConfigurationPlatforms) = preSolution
		Debug|Any CPU = Debug|Any CPU
		Release|Any CPU = Release|Any CPU
	EndGlobalSection
	GlobalSection(ProjectConfigurationPlatforms) = postSolution
		{11EA043D-8610-46C3-9317-E89C10F86CCC}.Debug|Any CPU.ActiveCfg = Debug|Any CPU
		{11EA043D-8610-46C3-9317-E89C10F86CCC}.Debug|Any CPU.Build.0 = Debug|Any CPU
		{11EA043D-8610-46C3-9317-E89C10F86CCC}.Release|Any CPU.ActiveCfg = Release|Any CPU
		{11EA043D-8610-46C3-9317-E89C10F86CCC}.Release|Any CPU.Build.0 = Release|Any CPU
		{94C71094-589C-416D-9A5A-17CB2DF37F4B}.Debug|Any CPU.ActiveCfg = Debug|Any CPU
		{94C71094-589C-416D-9A5A-17CB2DF37F4B}.Debug|Any CPU.Build.0 = Debug|Any CPU
		{94C71094-589C-416D-9A5A-17CB2DF37F4B}.Release|Any CPU.ActiveCfg = Release|Any CPU
		{94C71094-589C-416D-9A5A-17CB2DF37F4B}.Release|Any CPU.Build.0 = Release|Any CPU
	EndGlobalSection
	GlobalSection(SolutionProperties) = preSolution
		HideSolutionNode = FALSE
	EndGlobalSection
EndGlobal
